{
  "name": "wappalyzer-core",
  "version": "6.10.65",
  "lockfileVersion": 3,
  "requires": true,
  "packages": {
    "": {
      "name": "wappalyzer-core",
      "version": "6.10.65",
      "funding": [
        {
          "url": "https://github.com/sponsors/aliasio"
        }
      ],
      "license": "GPL-3.0"
    }
  }
}
